// !$*UTF8*$!
{
	archiveVersion = 1;
	classes = {
	};
	objectVersion = 48;
	objects = {

/* Begin PBXBuildFile section */
		45C25D17C982D8D1B1814A79 /* Pods_Todoey.framework in Frameworks */ = {isa = PBXBuildFile; fileRef = E9CE14AC40AEBE9A400CAA04 /* Pods_Todoey.framework */; };
		CDD6CFC71FFE65DC00737A14 /* AppDelegate.swift in Sources */ = {isa = PBXBuildFile; fileRef = CDD6CFC61FFE65DC00737A14 /* AppDelegate.swift */; };
		CDD6CFC91FFE65DC00737A14 /* TodoListViewController.swift in Sources */ = {isa = PBXBuildFile; fileRef = CDD6CFC81FFE65DC00737A14 /* TodoListViewController.swift */; };
		CDD6CFCC1FFE65DC00737A14 /* Main.storyboard in Resources */ = {isa = PBXBuildFile; fileRef = CDD6CFCA1FFE65DC00737A14 /* Main.storyboard */; };
		CDD6CFCE1FFE65DC00737A14 /* Assets.xcassets in Resources */ = {isa = PBXBuildFile; fileRef = CDD6CFCD1FFE65DC00737A14 /* Assets.xcassets */; };
		CDD6CFD11FFE65DC00737A14 /* LaunchScreen.storyboard in Resources */ = {isa = PBXBuildFile; fileRef = CDD6CFCF1FFE65DC00737A14 /* LaunchScreen.storyboard */; };
		CDD6CFE21FFEADDA00737A14 /* DataModel.xcdatamodeld in Sources */ = {isa = PBXBuildFile; fileRef = CDD6CFE01FFEADDA00737A14 /* DataModel.xcdatamodeld */; };
/* End PBXBuildFile section */

/* Begin PBXFileReference section */
		41B3E0793C413938E4048768 /* Pods-Todoey.release.xcconfig */ = {isa = PBXFileReference; includeInIndex = 1; lastKnownFileType = text.xcconfig; name = "Pods-Todoey.release.xcconfig"; path = "Pods/Target Support Files/Pods-Todoey/Pods-Todoey.release.xcconfig"; sourceTree = "<group>"; };
		CDD6CFC31FFE65DB00737A14 /* Todoey.app */ = {isa = PBXFileReference; explicitFileType = wrapper.application; includeInIndex = 0; path = Todoey.app; sourceTree = BUILT_PRODUCTS_DIR; };
		CDD6CFC61FFE65DC00737A14 /* AppDelegate.swift */ = {isa = PBXFileReference; lastKnownFileType = sourcecode.swift; path = AppDelegate.swift; sourceTree = "<group>"; };
		CDD6CFC81FFE65DC00737A14 /* TodoListViewController.swift */ = {isa = PBXFileReference; lastKnownFileType = sourcecode.swift; path = TodoListViewController.swift; sourceTree = "<group>"; };
		CDD6CFCB1FFE65DC00737A14 /* Base */ = {isa = PBXFileReference; lastKnownFileType = file.storyboard; name = Base; path = Base.lproj/Main.storyboard; sourceTree = "<group>"; };
		CDD6CFCD1FFE65DC00737A14 /* Assets.xcassets */ = {isa = PBXFileReference; lastKnownFileType = folder.assetcatalog; path = Assets.xcassets; sourceTree = "<group>"; };
		CDD6CFD01FFE65DC00737A14 /* Base */ = {isa = PBXFileReference; lastKnownFileType = file.storyboard; name = Base; path = Base.lproj/LaunchScreen.storyboard; sourceTree = "<group>"; };
		CDD6CFD21FFE65DC00737A14 /* Info.plist */ = {isa = PBXFileReference; lastKnownFileType = text.plist.xml; path = Info.plist; sourceTree = "<group>"; };
		CDD6CFE11FFEADDA00737A14 /* DataModel.xcdatamodel */ = {isa = PBXFileReference; lastKnownFileType = wrapper.xcdatamodel; path = DataModel.xcdatamodel; sourceTree = "<group>"; };
		E5F02F5FF1B4E17240EE899D /* Pods-Todoey.debug.xcconfig */ = {isa = PBXFileReference; includeInIndex = 1; lastKnownFileType = text.xcconfig; name = "Pods-Todoey.debug.xcconfig"; path = "Pods/Target Support Files/Pods-Todoey/Pods-Todoey.debug.xcconfig"; sourceTree = "<group>"; };
		E9CE14AC40AEBE9A400CAA04 /* Pods_Todoey.framework */ = {isa = PBXFileReference; explicitFileType = wrapper.framework; includeInIndex = 0; path = Pods_Todoey.framework; sourceTree = BUILT_PRODUCTS_DIR; };
/* End PBXFileReference section */

/* Begin PBXFrameworksBuildPhase section */
		CDD6CFC01FFE65DB00737A14 /* Frameworks */ = {
			isa = PBXFrameworksBuildPhase;
			buildActionMask = 2147483647;
			files = (
				45C25D17C982D8D1B1814A79 /* Pods_Todoey.framework in Frameworks */,
			);
			runOnlyForDeploymentPostprocessing = 0;
		};
/* End PBXFrameworksBuildPhase section */

/* Begin PBXGroup section */
		1C16AFC58F3FC401076DD862 /* Frameworks */ = {
			isa = PBXGroup;
			children = (
				E9CE14AC40AEBE9A400CAA04 /* Pods_Todoey.framework */,
			);
			name = Frameworks;
			sourceTree = "<group>";
		};
		6CCB97AA1B2083A7C64ACE2C /* Pods */ = {
			isa = PBXGroup;
			children = (
				E5F02F5FF1B4E17240EE899D /* Pods-Todoey.debug.xcconfig */,
				41B3E0793C413938E4048768 /* Pods-Todoey.release.xcconfig */,
			);
			name = Pods;
			sourceTree = "<group>";
		};
		CDD6CFBA1FFE65DB00737A14 = {
			isa = PBXGroup;
			children = (
				CDD6CFC51FFE65DB00737A14 /* Todoey */,
				CDD6CFC41FFE65DB00737A14 /* Products */,
				6CCB97AA1B2083A7C64ACE2C /* Pods */,
				1C16AFC58F3FC401076DD862 /* Frameworks */,
			);
			sourceTree = "<group>";
		};
		CDD6CFC41FFE65DB00737A14 /* Products */ = {
			isa = PBXGroup;
			children = (
				CDD6CFC31FFE65DB00737A14 /* Todoey.app */,
			);
			name = Products;
			sourceTree = "<group>";
		};
		CDD6CFC51FFE65DB00737A14 /* Todoey */ = {
			isa = PBXGroup;
			children = (
				CDD6CFC61FFE65DC00737A14 /* AppDelegate.swift */,
				CDD6CFDC1FFE929100737A14 /* Data Model */,
				CDD6CFDD1FFE92CC00737A14 /* Controllers */,
				CDD6CFDE1FFE92D500737A14 /* Views */,
				CDD6CFDF1FFE92E400737A14 /* Supporting Files */,
				CDD6CFD21FFE65DC00737A14 /* Info.plist */,
			);
			path = Todoey;
			sourceTree = "<group>";
		};
		CDD6CFDC1FFE929100737A14 /* Data Model */ = {
			isa = PBXGroup;
			children = (
				CDD6CFE01FFEADDA00737A14 /* DataModel.xcdatamodeld */,
			);
			path = "Data Model";
			sourceTree = "<group>";
		};
		CDD6CFDD1FFE92CC00737A14 /* Controllers */ = {
			isa = PBXGroup;
			children = (
				CDD6CFC81FFE65DC00737A14 /* TodoListViewController.swift */,
			);
			path = Controllers;
			sourceTree = "<group>";
		};
		CDD6CFDE1FFE92D500737A14 /* Views */ = {
			isa = PBXGroup;
			children = (
				CDD6CFCA1FFE65DC00737A14 /* Main.storyboard */,
			);
			path = Views;
			sourceTree = "<group>";
		};
		CDD6CFDF1FFE92E400737A14 /* Supporting Files */ = {
			isa = PBXGroup;
			children = (
				CDD6CFCD1FFE65DC00737A14 /* Assets.xcassets */,
				CDD6CFCF1FFE65DC00737A14 /* LaunchScreen.storyboard */,
			);
			path = "Supporting Files";
			sourceTree = "<group>";
		};
/* End PBXGroup section */

/* Begin PBXNativeTarget section */
		CDD6CFC21FFE65DB00737A14 /* Todoey */ = {
			isa = PBXNativeTarget;
			buildConfigurationList = CDD6CFD51FFE65DC00737A14 /* Build configuration list for PBXNativeTarget "Todoey" */;
			buildPhases = (
				454BAEA776B342706BC5B8FA /* [CP] Check Pods Manifest.lock */,
				CDD6CFBF1FFE65DB00737A14 /* Sources */,
				CDD6CFC01FFE65DB00737A14 /* Frameworks */,
				CDD6CFC11FFE65DB00737A14 /* Resources */,
				7FD3469D992D23C95015CA1F /* [CP] Embed Pods Frameworks */,
				06F63B9235AA62E4D77D76C4 /* [CP] Copy Pods Resources */,
			);
			buildRules = (
			);
			dependencies = (
			);
			name = Todoey;
			productName = Todoey;
			productReference = CDD6CFC31FFE65DB00737A14 /* Todoey.app */;
			productType = "com.apple.product-type.application";
		};
/* End PBXNativeTarget section */

/* Begin PBXProject section */
		CDD6CFBB1FFE65DB00737A14 /* Project object */ = {
			isa = PBXProject;
			attributes = {
				LastSwiftUpdateCheck = 0920;
				LastUpgradeCheck = 0920;
				ORGANIZATIONNAME = "Andrew Truex";
				TargetAttributes = {
					CDD6CFC21FFE65DB00737A14 = {
						CreatedOnToolsVersion = 9.2;
						ProvisioningStyle = Automatic;
					};
				};
			};
			buildConfigurationList = CDD6CFBE1FFE65DB00737A14 /* Build configuration list for PBXProject "Todoey" */;
			compatibilityVersion = "Xcode 8.0";
			developmentRegion = en;
			hasScannedForEncodings = 0;
			knownRegions = (
				en,
				Base,
			);
			mainGroup = CDD6CFBA1FFE65DB00737A14;
			productRefGroup = CDD6CFC41FFE65DB00737A14 /* Products */;
			projectDirPath = "";
			projectRoot = "";
			targets = (
				CDD6CFC21FFE65DB00737A14 /* Todoey */,
			);
		};
/* End PBXProject section */

/* Begin PBXResourcesBuildPhase section */
		CDD6CFC11FFE65DB00737A14 /* Resources */ = {
			isa = PBXResourcesBuildPhase;
			buildActionMask = 2147483647;
			files = (
				CDD6CFD11FFE65DC00737A14 /* LaunchScreen.storyboard in Resources */,
				CDD6CFCE1FFE65DC00737A14 /* Assets.xcassets in Resources */,
				CDD6CFCC1FFE65DC00737A14 /* Main.storyboard in Resources */,
			);
			runOnlyForDeploymentPostprocessing = 0;
		};
/* End PBXResourcesBuildPhase section */

/* Begin PBXShellScriptBuildPhase section */
		06F63B9235AA62E4D77D76C4 /* [CP] Copy Pods Resources */ = {
			isa = PBXShellScriptBuildPhase;
			buildActionMask = 2147483647;
			files = (
			);
			inputPaths = (
			);
			name = "[CP] Copy Pods Resources";
			outputPaths = (
			);
			runOnlyForDeploymentPostprocessing = 0;
			shellPath = /bin/sh;
			shellScript = "\"${SRCROOT}/Pods/Target Support Files/Pods-Todoey/Pods-Todoey-resources.sh\"\n";
			showEnvVarsInLog = 0;
		};
		454BAEA776B342706BC5B8FA /* [CP] Check Pods Manifest.lock */ = {
			isa = PBXShellScriptBuildPhase;
			buildActionMask = 2147483647;
			files = (
			);
			inputPaths = (
				"${PODS_PODFILE_DIR_PATH}/Podfile.lock",
				"${PODS_ROOT}/Manifest.lock",
			);
			name = "[CP] Check Pods Manifest.lock";
			outputPaths = (
				"$(DERIVED_FILE_DIR)/Pods-Todoey-checkManifestLockResult.txt",
			);
			runOnlyForDeploymentPostprocessing = 0;
			shellPath = /bin/sh;
			shellScript = "diff \"${PODS_PODFILE_DIR_PATH}/Podfile.lock\" \"${PODS_ROOT}/Manifest.lock\" > /dev/null\nif [ $? != 0 ] ; then\n    # print error to STDERR\n    echo \"error: The sandbox is not in sync with the Podfile.lock. Run 'pod install' or update your CocoaPods installation.\" >&2\n    exit 1\nfi\n# This output is used by Xcode 'outputs' to avoid re-running this script phase.\necho \"SUCCESS\" > \"${SCRIPT_OUTPUT_FILE_0}\"\n";
			showEnvVarsInLog = 0;
		};
		7FD3469D992D23C95015CA1F /* [CP] Embed Pods Frameworks */ = {
			isa = PBXShellScriptBuildPhase;
			buildActionMask = 2147483647;
			files = (
			);
			inputPaths = (
				"${SRCROOT}/Pods/Target Support Files/Pods-Todoey/Pods-Todoey-frameworks.sh",
				"${BUILT_PRODUCTS_DIR}/Realm/Realm.framework",
				"${BUILT_PRODUCTS_DIR}/RealmSwift/RealmSwift.framework",
			);
			name = "[CP] Embed Pods Frameworks";
			outputPaths = (
				"${TARGET_BUILD_DIR}/${FRAMEWORKS_FOLDER_PATH}/Realm.framework",
				"${TARGET_BUILD_DIR}/${FRAMEWORKS_FOLDER_PATH}/RealmSwift.framework",
			);
			runOnlyForDeploymentPostprocessing = 0;
			shellPath = /bin/sh;
			shellScript = "\"${SRCROOT}/Pods/Target Support Files/Pods-Todoey/Pods-Todoey-frameworks.sh\"\n";
			showEnvVarsInLog = 0;
		};
/* End PBXShellScriptBuildPhase section */

/* Begin PBXSourcesBuildPhase section */
		CDD6CFBF1FFE65DB00737A14 /* Sources */ = {
			isa = PBXSourcesBuildPhase;
			buildActionMask = 2147483647;
			files = (
				CDD6CFC91FFE65DC00737A14 /* TodoListViewController.swift in Sources */,
				CDD6CFE21FFEADDA00737A14 /* DataModel.xcdatamodeld in Sources */,
				CDD6CFC71FFE65DC00737A14 /* AppDelegate.swift in Sources */,
			);
			runOnlyForDeploymentPostprocessing = 0;
		};
/* End PBXSourcesBuildPhase section */

/* Begin PBXVariantGroup section */
		CDD6CFCA1FFE65DC00737A14 /* Main.storyboard */ = {
			isa = PBXVariantGroup;
			children = (
				CDD6CFCB1FFE65DC00737A14 /* Base */,
			);
			name = Main.storyboard;
			sourceTree = "<group>";
		};
		CDD6CFCF1FFE65DC00737A14 /* LaunchScreen.storyboard */ = {
			isa = PBXVariantGroup;
			children = (
				CDD6CFD01FFE65DC00737A14 /* Base */,
			);
			name = LaunchScreen.storyboard;
			sourceTree = "<group>";
		};
/* End PBXVariantGroup section */

/* Begin XCBuildConfiguration section */
		CDD6CFD31FFE65DC00737A14 /* Debug */ = {
			isa = XCBuildConfiguration;
			buildSettings = {
				ALWAYS_SEARCH_USER_PATHS = NO;
				CLANG_ANALYZER_NONNULL = YES;
				CLANG_ANALYZER_NUMBER_OBJECT_CONVERSION = YES_AGGRESSIVE;
				CLANG_CXX_LANGUAGE_STANDARD = "gnu++14";
				CLANG_CXX_LIBRARY = "libc++";
				CLANG_ENABLE_MODULES = YES;
				CLANG_ENABLE_OBJC_ARC = YES;
				CLANG_WARN_BLOCK_CAPTURE_AUTORELEASING = YES;
				CLANG_WARN_BOOL_CONVERSION = YES;
				CLANG_WARN_COMMA = YES;
				CLANG_WARN_CONSTANT_CONVERSION = YES;
				CLANG_WARN_DIRECT_OBJC_ISA_USAGE = YES_ERROR;
				CLANG_WARN_DOCUMENTATION_COMMENTS = YES;
				CLANG_WARN_EMPTY_BODY = YES;
				CLANG_WARN_ENUM_CONVERSION = YES;
				CLANG_WARN_INFINITE_RECURSION = YES;
				CLANG_WARN_INT_CONVERSION = YES;
				CLANG_WARN_NON_LITERAL_NULL_CONVERSION = YES;
				CLANG_WARN_OBJC_LITERAL_CONVERSION = YES;
				CLANG_WARN_OBJC_ROOT_CLASS = YES_ERROR;
				CLANG_WARN_RANGE_LOOP_ANALYSIS = YES;
				CLANG_WARN_STRICT_PROTOTYPES = YES;
				CLANG_WARN_SUSPICIOUS_MOVE = YES;
				CLANG_WARN_UNGUARDED_AVAILABILITY = YES_AGGRESSIVE;
				CLANG_WARN_UNREACHABLE_CODE = YES;
				CLANG_WARN__DUPLICATE_METHOD_MATCH = YES;
				CODE_SIGN_IDENTITY = "iPhone Developer";
				COPY_PHASE_STRIP = NO;
				DEBUG_INFORMATION_FORMAT = dwarf;
				ENABLE_STRICT_OBJC_MSGSEND = YES;
				ENABLE_TESTABILITY = YES;
				GCC_C_LANGUAGE_STANDARD = gnu11;
				GCC_DYNAMIC_NO_PIC = NO;
				GCC_NO_COMMON_BLOCKS = YES;
				GCC_OPTIMIZATION_LEVEL = 0;
				GCC_PREPROCESSOR_DEFINITIONS = (
					"DEBUG=1",
					"$(inherited)",
				);
				GCC_WARN_64_TO_32_BIT_CONVERSION = YES;
				GCC_WARN_ABOUT_RETURN_TYPE = YES_ERROR;
				GCC_WARN_UNDECLARED_SELECTOR = YES;
				GCC_WARN_UNINITIALIZED_AUTOS = YES_AGGRESSIVE;
				GCC_WARN_UNUSED_FUNCTION = YES;
				GCC_WARN_UNUSED_VARIABLE = YES;
				IPHONEOS_DEPLOYMENT_TARGET = 11.2;
				MTL_ENABLE_DEBUG_INFO = YES;
				ONLY_ACTIVE_ARCH = YES;
				SDKROOT = iphoneos;
				SWIFT_ACTIVE_COMPILATION_CONDITIONS = DEBUG;
				SWIFT_OPTIMIZATION_LEVEL = "-Onone";
			};
			name = Debug;
		};
		CDD6CFD41FFE65DC00737A14 /* Release */ = {
			isa = XCBuildConfiguration;
			buildSettings = {
				ALWAYS_SEARCH_USER_PATHS = NO;
				CLANG_ANALYZER_NONNULL = YES;
				CLANG_ANALYZER_NUMBER_OBJECT_CONVERSION = YES_AGGRESSIVE;
				CLANG_CXX_LANGUAGE_STANDARD = "gnu++14";
				CLANG_CXX_LIBRARY = "libc++";
				CLANG_ENABLE_MODULES = YES;
				CLANG_ENABLE_OBJC_ARC = YES;
				CLANG_WARN_BLOCK_CAPTURE_AUTORELEASING = YES;
				CLANG_WARN_BOOL_CONVERSION = YES;
				CLANG_WARN_COMMA = YES;
				CLANG_WARN_CONSTANT_CONVERSION = YES;
				CLANG_WARN_DIRECT_OBJC_ISA_USAGE = YES_ERROR;
				CLANG_WARN_DOCUMENTATION_COMMENTS = YES;
				CLANG_WARN_EMPTY_BODY = YES;
				CLANG_WARN_ENUM_CONVERSION = YES;
				CLANG_WARN_INFINITE_RECURSION = YES;
				CLANG_WARN_INT_CONVERSION = YES;
				CLANG_WARN_NON_LITERAL_NULL_CONVERSION = YES;
				CLANG_WARN_OBJC_LITERAL_CONVERSION = YES;
				CLANG_WARN_OBJC_ROOT_CLASS = YES_ERROR;
				CLANG_WARN_RANGE_LOOP_ANALYSIS = YES;
				CLANG_WARN_STRICT_PROTOTYPES = YES;
				CLANG_WARN_SUSPICIOUS_MOVE = YES;
				CLANG_WARN_UNGUARDED_AVAILABILITY = YES_AGGRESSIVE;
				CLANG_WARN_UNREACHABLE_CODE = YES;
				CLANG_WARN__DUPLICATE_METHOD_MATCH = YES;
				CODE_SIGN_IDENTITY = "iPhone Developer";
				COPY_PHASE_STRIP = NO;
				DEBUG_INFORMATION_FORMAT = "dwarf-with-dsym";
				ENABLE_NS_ASSERTIONS = NO;
				ENABLE_STRICT_OBJC_MSGSEND = YES;
				GCC_C_LANGUAGE_STANDARD = gnu11;
				GCC_NO_COMMON_BLOCKS = YES;
				GCC_WARN_64_TO_32_BIT_CONVERSION = YES;
				GCC_WARN_ABOUT_RETURN_TYPE = YES_ERROR;
				GCC_WARN_UNDECLARED_SELECTOR = YES;
				GCC_WARN_UNINITIALIZED_AUTOS = YES_AGGRESSIVE;
				GCC_WARN_UNUSED_FUNCTION = YES;
				GCC_WARN_UNUSED_VARIABLE = YES;
				IPHONEOS_DEPLOYMENT_TARGET = 11.2;
				MTL_ENABLE_DEBUG_INFO = NO;
				SDKROOT = iphoneos;
				SWIFT_OPTIMIZATION_LEVEL = "-Owholemodule";
				VALIDATE_PRODUCT = YES;
			};
			name = Release;
		};
		CDD6CFD61FFE65DC00737A14 /* Debug */ = {
			isa = XCBuildConfiguration;
			baseConfigurationReference = E5F02F5FF1B4E17240EE899D /* Pods-Todoey.debug.xcconfig */;
			buildSettings = {
				ASSETCATALOG_COMPILER_APPICON_NAME = AppIcon;
				CODE_SIGN_STYLE = Automatic;
				DEVELOPMENT_TEAM = EZ7C5PW6XP;
				INFOPLIST_FILE = Todoey/Info.plist;
				LD_RUNPATH_SEARCH_PATHS = "$(inherited) @executable_path/Frameworks";
				PRODUCT_BUNDLE_IDENTIFIER = com.TruBoo.Todoey;
				PRODUCT_NAME = "$(TARGET_NAME)";
				SWIFT_VERSION = 4.0;
				TARGETED_DEVICE_FAMILY = "1,2";
			};
			name = Debug;
		};
		CDD6CFD71FFE65DC00737A14 /* Release */ = {
			isa = XCBuildConfiguration;
			baseConfigurationReference = 41B3E0793C413938E4048768 /* Pods-Todoey.release.xcconfig */;
			buildSettings = {
				ASSETCATALOG_COMPILER_APPICON_NAME = AppIcon;
				CODE_SIGN_STYLE = Automatic;
				DEVELOPMENT_TEAM = EZ7C5PW6XP;
				INFOPLIST_FILE = Todoey/Info.plist;
				LD_RUNPATH_SEARCH_PATHS = "$(inherited) @executable_path/Frameworks";
				PRODUCT_BUNDLE_IDENTIFIER = com.TruBoo.Todoey;
				PRODUCT_NAME = "$(TARGET_NAME)";
				SWIFT_VERSION = 4.0;
				TARGETED_DEVICE_FAMILY = "1,2";
			};
			name = Release;
		};
/* End XCBuildConfiguration section */

/* Begin XCConfigurationList section */
		CDD6CFBE1FFE65DB00737A14 /* Build configuration list for PBXProject "Todoey" */ = {
			isa = XCConfigurationList;
			buildConfigurations = (
				CDD6CFD31FFE65DC00737A14 /* Debug */,
				CDD6CFD41FFE65DC00737A14 /* Release */,
			);
			defaultConfigurationIsVisible = 0;
			defaultConfigurationName = Release;
		};
		CDD6CFD51FFE65DC00737A14 /* Build configuration list for PBXNativeTarget "Todoey" */ = {
			isa = XCConfigurationList;
			buildConfigurations = (
				CDD6CFD61FFE65DC00737A14 /* Debug */,
				CDD6CFD71FFE65DC00737A14 /* Release */,
			);
			defaultConfigurationIsVisible = 0;
			defaultConfigurationName = Release;
		};
/* End XCConfigurationList section */

/* Begin XCVersionGroup section */
		CDD6CFE01FFEADDA00737A14 /* DataModel.xcdatamodeld */ = {
			isa = XCVersionGroup;
			children = (
				CDD6CFE11FFEADDA00737A14 /* DataModel.xcdatamodel */,
			);
			currentVersion = CDD6CFE11FFEADDA00737A14 /* DataModel.xcdatamodel */;
			path = DataModel.xcdatamodeld;
			sourceTree = "<group>";
			versionGroupType = wrapper.xcdatamodel;
		};
/* End XCVersionGroup section */
	};
	rootObject = CDD6CFBB1FFE65DB00737A14 /* Project object */;
}
